// !$*UTF8*$!
{
	archiveVersion = 1;
	classes = {
	};
	objectVersion = 50;
	objects = {

/* Begin PBXBuildFile section */
		F542CE23213285DD00D86869 /* AppDelegate.swift in Sources */ = {isa = PBXBuildFile; fileRef = F542CE22213285DD00D86869 /* AppDelegate.swift */; };
		F542CE25213285DD00D86869 /* ViewController.swift in Sources */ = {isa = PBXBuildFile; fileRef = F542CE24213285DD00D86869 /* ViewController.swift */; };
		F542CE28213285DD00D86869 /* Main.storyboard in Resources */ = {isa = PBXBuildFile; fileRef = F542CE26213285DD00D86869 /* Main.storyboard */; };
		F542CE2A213285DE00D86869 /* Assets.xcassets in Resources */ = {isa = PBXBuildFile; fileRef = F542CE29213285DE00D86869 /* Assets.xcassets */; };
		F542CE2D213285DE00D86869 /* LaunchScreen.storyboard in Resources */ = {isa = PBXBuildFile; fileRef = F542CE2B213285DE00D86869 /* LaunchScreen.storyboard */; };
		F542CE38213285DE00D86869 /* Triangle_WebViewTests.swift in Sources */ = {isa = PBXBuildFile; fileRef = F542CE37213285DE00D86869 /* Triangle_WebViewTests.swift */; };
		F542CE43213285DE00D86869 /* Triangle_WebViewUITests.swift in Sources */ = {isa = PBXBuildFile; fileRef = F542CE42213285DE00D86869 /* Triangle_WebViewUITests.swift */; };
/* End PBXBuildFile section */

/* Begin PBXContainerItemProxy section */
		F542CE34213285DE00D86869 /* PBXContainerItemProxy */ = {
			isa = PBXContainerItemProxy;
			containerPortal = F542CE17213285DD00D86869 /* Project object */;
			proxyType = 1;
			remoteGlobalIDString = F542CE1E213285DD00D86869;
			remoteInfo = "Triangle WebView";
		};
		F542CE3F213285DE00D86869 /* PBXContainerItemProxy */ = {
			isa = PBXContainerItemProxy;
			containerPortal = F542CE17213285DD00D86869 /* Project object */;
			proxyType = 1;
			remoteGlobalIDString = F542CE1E213285DD00D86869;
			remoteInfo = "Triangle WebView";
		};
/* End PBXContainerItemProxy section */

/* Begin PBXFileReference section */
		F542CE1F213285DD00D86869 /* Triangle WebView.app */ = {isa = PBXFileReference; explicitFileType = wrapper.application; includeInIndex = 0; path = "Triangle WebView.app"; sourceTree = BUILT_PRODUCTS_DIR; };
		F542CE22213285DD00D86869 /* AppDelegate.swift */ = {isa = PBXFileReference; lastKnownFileType = sourcecode.swift; path = AppDelegate.swift; sourceTree = "<group>"; };
		F542CE24213285DD00D86869 /* ViewController.swift */ = {isa = PBXFileReference; lastKnownFileType = sourcecode.swift; path = ViewController.swift; sourceTree = "<group>"; };
		F542CE27213285DD00D86869 /* Base */ = {isa = PBXFileReference; lastKnownFileType = file.storyboard; name = Base; path = Base.lproj/Main.storyboard; sourceTree = "<group>"; };
		F542CE29213285DE00D86869 /* Assets.xcassets */ = {isa = PBXFileReference; lastKnownFileType = folder.assetcatalog; path = Assets.xcassets; sourceTree = "<group>"; };
		F542CE2C213285DE00D86869 /* Base */ = {isa = PBXFileReference; lastKnownFileType = file.storyboard; name = Base; path = Base.lproj/LaunchScreen.storyboard; sourceTree = "<group>"; };
		F542CE2E213285DE00D86869 /* Info.plist */ = {isa = PBXFileReference; lastKnownFileType = text.plist.xml; path = Info.plist; sourceTree = "<group>"; };
		F542CE33213285DE00D86869 /* Triangle WebViewTests.xctest */ = {isa = PBXFileReference; explicitFileType = wrapper.cfbundle; includeInIndex = 0; path = "Triangle WebViewTests.xctest"; sourceTree = BUILT_PRODUCTS_DIR; };
		F542CE37213285DE00D86869 /* Triangle_WebViewTests.swift */ = {isa = PBXFileReference; lastKnownFileType = sourcecode.swift; path = Triangle_WebViewTests.swift; sourceTree = "<group>"; };
		F542CE39213285DE00D86869 /* Info.plist */ = {isa = PBXFileReference; lastKnownFileType = text.plist.xml; path = Info.plist; sourceTree = "<group>"; };
		F542CE3E213285DE00D86869 /* Triangle WebViewUITests.xctest */ = {isa = PBXFileReference; explicitFileType = wrapper.cfbundle; includeInIndex = 0; path = "Triangle WebViewUITests.xctest"; sourceTree = BUILT_PRODUCTS_DIR; };
		F542CE42213285DE00D86869 /* Triangle_WebViewUITests.swift */ = {isa = PBXFileReference; lastKnownFileType = sourcecode.swift; path = Triangle_WebViewUITests.swift; sourceTree = "<group>"; };
		F542CE44213285DE00D86869 /* Info.plist */ = {isa = PBXFileReference; lastKnownFileType = text.plist.xml; path = Info.plist; sourceTree = "<group>"; };
/* End PBXFileReference section */

/* Begin PBXFrameworksBuildPhase section */
		F542CE1C213285DD00D86869 /* Frameworks */ = {
			isa = PBXFrameworksBuildPhase;
			buildActionMask = 2147483647;
			files = (
			);
			runOnlyForDeploymentPostprocessing = 0;
		};
		F542CE30213285DE00D86869 /* Frameworks */ = {
			isa = PBXFrameworksBuildPhase;
			buildActionMask = 2147483647;
			files = (
			);
			runOnlyForDeploymentPostprocessing = 0;
		};
		F542CE3B213285DE00D86869 /* Frameworks */ = {
			isa = PBXFrameworksBuildPhase;
			buildActionMask = 2147483647;
			files = (
			);
			runOnlyForDeploymentPostprocessing = 0;
		};
/* End PBXFrameworksBuildPhase section */

/* Begin PBXGroup section */
		F542CE16213285DD00D86869 = {
			isa = PBXGroup;
			children = (
				F542CE21213285DD00D86869 /* Triangle WebView */,
				F542CE36213285DE00D86869 /* Triangle WebViewTests */,
				F542CE41213285DE00D86869 /* Triangle WebViewUITests */,
				F542CE20213285DD00D86869 /* Products */,
			);
			sourceTree = "<group>";
		};
		F542CE20213285DD00D86869 /* Products */ = {
			isa = PBXGroup;
			children = (
				F542CE1F213285DD00D86869 /* Triangle WebView.app */,
				F542CE33213285DE00D86869 /* Triangle WebViewTests.xctest */,
				F542CE3E213285DE00D86869 /* Triangle WebViewUITests.xctest */,
			);
			name = Products;
			sourceTree = "<group>";
		};
		F542CE21213285DD00D86869 /* Triangle WebView */ = {
			isa = PBXGroup;
			children = (
				F542CE22213285DD00D86869 /* AppDelegate.swift */,
				F542CE24213285DD00D86869 /* ViewController.swift */,
				F542CE26213285DD00D86869 /* Main.storyboard */,
				F542CE29213285DE00D86869 /* Assets.xcassets */,
				F542CE2B213285DE00D86869 /* LaunchScreen.storyboard */,
				F542CE2E213285DE00D86869 /* Info.plist */,
			);
			path = "Triangle WebView";
			sourceTree = "<group>";
		};
		F542CE36213285DE00D86869 /* Triangle WebViewTests */ = {
			isa = PBXGroup;
			children = (
				F542CE37213285DE00D86869 /* Triangle_WebViewTests.swift */,
				F542CE39213285DE00D86869 /* Info.plist */,
			);
			path = "Triangle WebViewTests";
			sourceTree = "<group>";
		};
		F542CE41213285DE00D86869 /* Triangle WebViewUITests */ = {
			isa = PBXGroup;
			children = (
				F542CE42213285DE00D86869 /* Triangle_WebViewUITests.swift */,
				F542CE44213285DE00D86869 /* Info.plist */,
			);
			path = "Triangle WebViewUITests";
			sourceTree = "<group>";
		};
/* End PBXGroup section */

/* Begin PBXNativeTarget section */
		F542CE1E213285DD00D86869 /* Triangle WebView */ = {
			isa = PBXNativeTarget;
			buildConfigurationList = F542CE47213285DE00D86869 /* Build configuration list for PBXNativeTarget "Triangle WebView" */;
			buildPhases = (
				F542CE1B213285DD00D86869 /* Sources */,
				F542CE1C213285DD00D86869 /* Frameworks */,
				F542CE1D213285DD00D86869 /* Resources */,
			);
			buildRules = (
			);
			dependencies = (
			);
			name = "Triangle WebView";
			productName = "Triangle WebView";
			productReference = F542CE1F213285DD00D86869 /* Triangle WebView.app */;
			productType = "com.apple.product-type.application";
		};
		F542CE32213285DE00D86869 /* Triangle WebViewTests */ = {
			isa = PBXNativeTarget;
			buildConfigurationList = F542CE4A213285DE00D86869 /* Build configuration list for PBXNativeTarget "Triangle WebViewTests" */;
			buildPhases = (
				F542CE2F213285DE00D86869 /* Sources */,
				F542CE30213285DE00D86869 /* Frameworks */,
				F542CE31213285DE00D86869 /* Resources */,
			);
			buildRules = (
			);
			dependencies = (
				F542CE35213285DE00D86869 /* PBXTargetDependency */,
			);
			name = "Triangle WebViewTests";
			productName = "Triangle WebViewTests";
			productReference = F542CE33213285DE00D86869 /* Triangle WebViewTests.xctest */;
			productType = "com.apple.product-type.bundle.unit-test";
		};
		F542CE3D213285DE00D86869 /* Triangle WebViewUITests */ = {
			isa = PBXNativeTarget;
			buildConfigurationList = F542CE4D213285DE00D86869 /* Build configuration list for PBXNativeTarget "Triangle WebViewUITests" */;
			buildPhases = (
				F542CE3A213285DE00D86869 /* Sources */,
				F542CE3B213285DE00D86869 /* Frameworks */,
				F542CE3C213285DE00D86869 /* Resources */,
			);
			buildRules = (
			);
			dependencies = (
				F542CE40213285DE00D86869 /* PBXTargetDependency */,
			);
			name = "Triangle WebViewUITests";
			productName = "Triangle WebViewUITests";
			productReference = F542CE3E213285DE00D86869 /* Triangle WebViewUITests.xctest */;
			productType = "com.apple.product-type.bundle.ui-testing";
		};
/* End PBXNativeTarget section */

/* Begin PBXProject section */
		F542CE17213285DD00D86869 /* Project object */ = {
			isa = PBXProject;
			attributes = {
				LastSwiftUpdateCheck = 0940;
				LastUpgradeCheck = 0940;
				ORGANIZATIONNAME = "Triangle México";
				TargetAttributes = {
					F542CE1E213285DD00D86869 = {
						CreatedOnToolsVersion = 9.4.1;
					};
					F542CE32213285DE00D86869 = {
						CreatedOnToolsVersion = 9.4.1;
						TestTargetID = F542CE1E213285DD00D86869;
					};
					F542CE3D213285DE00D86869 = {
						CreatedOnToolsVersion = 9.4.1;
						TestTargetID = F542CE1E213285DD00D86869;
					};
				};
			};
			buildConfigurationList = F542CE1A213285DD00D86869 /* Build configuration list for PBXProject "Triangle WebView" */;
			compatibilityVersion = "Xcode 9.3";
			developmentRegion = en;
			hasScannedForEncodings = 0;
			knownRegions = (
				en,
				Base,
			);
			mainGroup = F542CE16213285DD00D86869;
			productRefGroup = F542CE20213285DD00D86869 /* Products */;
			projectDirPath = "";
			projectRoot = "";
			targets = (
				F542CE1E213285DD00D86869 /* Triangle WebView */,
				F542CE32213285DE00D86869 /* Triangle WebViewTests */,
				F542CE3D213285DE00D86869 /* Triangle WebViewUITests */,
			);
		};
/* End PBXProject section */

/* Begin PBXResourcesBuildPhase section */
		F542CE1D213285DD00D86869 /* Resources */ = {
			isa = PBXResourcesBuildPhase;
			buildActionMask = 2147483647;
			files = (
				F542CE2D213285DE00D86869 /* LaunchScreen.storyboard in Resources */,
				F542CE2A213285DE00D86869 /* Assets.xcassets in Resources */,
				F542CE28213285DD00D86869 /* Main.storyboard in Resources */,
			);
			runOnlyForDeploymentPostprocessing = 0;
		};
		F542CE31213285DE00D86869 /* Resources */ = {
			isa = PBXResourcesBuildPhase;
			buildActionMask = 2147483647;
			files = (
			);
			runOnlyForDeploymentPostprocessing = 0;
		};
		F542CE3C213285DE00D86869 /* Resources */ = {
			isa = PBXResourcesBuildPhase;
			buildActionMask = 2147483647;
			files = (
			);
			runOnlyForDeploymentPostprocessing = 0;
		};
/* End PBXResourcesBuildPhase section */

/* Begin PBXSourcesBuildPhase section */
		F542CE1B213285DD00D86869 /* Sources */ = {
			isa = PBXSourcesBuildPhase;
			buildActionMask = 2147483647;
			files = (
				F542CE25213285DD00D86869 /* ViewController.swift in Sources */,
				F542CE23213285DD00D86869 /* AppDelegate.swift in Sources */,
			);
			runOnlyForDeploymentPostprocessing = 0;
		};
		F542CE2F213285DE00D86869 /* Sources */ = {
			isa = PBXSourcesBuildPhase;
			buildActionMask = 2147483647;
			files = (
				F542CE38213285DE00D86869 /* Triangle_WebViewTests.swift in Sources */,
			);
			runOnlyForDeploymentPostprocessing = 0;
		};
		F542CE3A213285DE00D86869 /* Sources */ = {
			isa = PBXSourcesBuildPhase;
			buildActionMask = 2147483647;
			files = (
				F542CE43213285DE00D86869 /* Triangle_WebViewUITests.swift in Sources */,
			);
			runOnlyForDeploymentPostprocessing = 0;
		};
/* End PBXSourcesBuildPhase section */

/* Begin PBXTargetDependency section */
		F542CE35213285DE00D86869 /* PBXTargetDependency */ = {
			isa = PBXTargetDependency;
			target = F542CE1E213285DD00D86869 /* Triangle WebView */;
			targetProxy = F542CE34213285DE00D86869 /* PBXContainerItemProxy */;
		};
		F542CE40213285DE00D86869 /* PBXTargetDependency */ = {
			isa = PBXTargetDependency;
			target = F542CE1E213285DD00D86869 /* Triangle WebView */;
			targetProxy = F542CE3F213285DE00D86869 /* PBXContainerItemProxy */;
		};
/* End PBXTargetDependency section */

/* Begin PBXVariantGroup section */
		F542CE26213285DD00D86869 /* Main.storyboard */ = {
			isa = PBXVariantGroup;
			children = (
				F542CE27213285DD00D86869 /* Base */,
			);
			name = Main.storyboard;
			sourceTree = "<group>";
		};
		F542CE2B213285DE00D86869 /* LaunchScreen.storyboard */ = {
			isa = PBXVariantGroup;
			children = (
				F542CE2C213285DE00D86869 /* Base */,
			);
			name = LaunchScreen.storyboard;
			sourceTree = "<group>";
		};
/* End PBXVariantGroup section */

/* Begin XCBuildConfiguration section */
		F542CE45213285DE00D86869 /* Debug */ = {
			isa = XCBuildConfiguration;
			buildSettings = {
				ALWAYS_SEARCH_USER_PATHS = NO;
				CLANG_ANALYZER_NONNULL = YES;
				CLANG_ANALYZER_NUMBER_OBJECT_CONVERSION = YES_AGGRESSIVE;
				CLANG_CXX_LANGUAGE_STANDARD = "gnu++14";
				CLANG_CXX_LIBRARY = "libc++";
				CLANG_ENABLE_MODULES = YES;
				CLANG_ENABLE_OBJC_ARC = YES;
				CLANG_ENABLE_OBJC_WEAK = YES;
				CLANG_WARN_BLOCK_CAPTURE_AUTORELEASING = YES;
				CLANG_WARN_BOOL_CONVERSION = YES;
				CLANG_WARN_COMMA = YES;
				CLANG_WARN_CONSTANT_CONVERSION = YES;
				CLANG_WARN_DEPRECATED_OBJC_IMPLEMENTATIONS = YES;
				CLANG_WARN_DIRECT_OBJC_ISA_USAGE = YES_ERROR;
				CLANG_WARN_DOCUMENTATION_COMMENTS = YES;
				CLANG_WARN_EMPTY_BODY = YES;
				CLANG_WARN_ENUM_CONVERSION = YES;
				CLANG_WARN_INFINITE_RECURSION = YES;
				CLANG_WARN_INT_CONVERSION = YES;
				CLANG_WARN_NON_LITERAL_NULL_CONVERSION = YES;
				CLANG_WARN_OBJC_IMPLICIT_RETAIN_SELF = YES;
				CLANG_WARN_OBJC_LITERAL_CONVERSION = YES;
				CLANG_WARN_OBJC_ROOT_CLASS = YES_ERROR;
				CLANG_WARN_RANGE_LOOP_ANALYSIS = YES;
				CLANG_WARN_STRICT_PROTOTYPES = YES;
				CLANG_WARN_SUSPICIOUS_MOVE = YES;
				CLANG_WARN_UNGUARDED_AVAILABILITY = YES_AGGRESSIVE;
				CLANG_WARN_UNREACHABLE_CODE = YES;
				CLANG_WARN__DUPLICATE_METHOD_MATCH = YES;
				CODE_SIGN_IDENTITY = "iPhone Developer";
				COPY_PHASE_STRIP = NO;
				DEBUG_INFORMATION_FORMAT = dwarf;
				ENABLE_STRICT_OBJC_MSGSEND = YES;
				ENABLE_TESTABILITY = YES;
				GCC_C_LANGUAGE_STANDARD = gnu11;
				GCC_DYNAMIC_NO_PIC = NO;
				GCC_NO_COMMON_BLOCKS = YES;
				GCC_OPTIMIZATION_LEVEL = 0;
				GCC_PREPROCESSOR_DEFINITIONS = (
					"DEBUG=1",
					"$(inherited)",
				);
				GCC_WARN_64_TO_32_BIT_CONVERSION = YES;
				GCC_WARN_ABOUT_RETURN_TYPE = YES_ERROR;
				GCC_WARN_UNDECLARED_SELECTOR = YES;
				GCC_WARN_UNINITIALIZED_AUTOS = YES_AGGRESSIVE;
				GCC_WARN_UNUSED_FUNCTION = YES;
				GCC_WARN_UNUSED_VARIABLE = YES;
				IPHONEOS_DEPLOYMENT_TARGET = 11.4;
				MTL_ENABLE_DEBUG_INFO = YES;
				ONLY_ACTIVE_ARCH = YES;
				SDKROOT = iphoneos;
				SWIFT_ACTIVE_COMPILATION_CONDITIONS = DEBUG;
				SWIFT_OPTIMIZATION_LEVEL = "-Onone";
			};
			name = Debug;
		};
		F542CE46213285DE00D86869 /* Release */ = {
			isa = XCBuildConfiguration;
			buildSettings = {
				ALWAYS_SEARCH_USER_PATHS = NO;
				CLANG_ANALYZER_NONNULL = YES;
				CLANG_ANALYZER_NUMBER_OBJECT_CONVERSION = YES_AGGRESSIVE;
				CLANG_CXX_LANGUAGE_STANDARD = "gnu++14";
				CLANG_CXX_LIBRARY = "libc++";
				CLANG_ENABLE_MODULES = YES;
				CLANG_ENABLE_OBJC_ARC = YES;
				CLANG_ENABLE_OBJC_WEAK = YES;
				CLANG_WARN_BLOCK_CAPTURE_AUTORELEASING = YES;
				CLANG_WARN_BOOL_CONVERSION = YES;
				CLANG_WARN_COMMA = YES;
				CLANG_WARN_CONSTANT_CONVERSION = YES;
				CLANG_WARN_DEPRECATED_OBJC_IMPLEMENTATIONS = YES;
				CLANG_WARN_DIRECT_OBJC_ISA_USAGE = YES_ERROR;
				CLANG_WARN_DOCUMENTATION_COMMENTS = YES;
				CLANG_WARN_EMPTY_BODY = YES;
				CLANG_WARN_ENUM_CONVERSION = YES;
				CLANG_WARN_INFINITE_RECURSION = YES;
				CLANG_WARN_INT_CONVERSION = YES;
				CLANG_WARN_NON_LITERAL_NULL_CONVERSION = YES;
				CLANG_WARN_OBJC_IMPLICIT_RETAIN_SELF = YES;
				CLANG_WARN_OBJC_LITERAL_CONVERSION = YES;
				CLANG_WARN_OBJC_ROOT_CLASS = YES_ERROR;
				CLANG_WARN_RANGE_LOOP_ANALYSIS = YES;
				CLANG_WARN_STRICT_PROTOTYPES = YES;
				CLANG_WARN_SUSPICIOUS_MOVE = YES;
				CLANG_WARN_UNGUARDED_AVAILABILITY = YES_AGGRESSIVE;
				CLANG_WARN_UNREACHABLE_CODE = YES;
				CLANG_WARN__DUPLICATE_METHOD_MATCH = YES;
				CODE_SIGN_IDENTITY = "iPhone Developer";
				COPY_PHASE_STRIP = NO;
				DEBUG_INFORMATION_FORMAT = "dwarf-with-dsym";
				ENABLE_NS_ASSERTIONS = NO;
				ENABLE_STRICT_OBJC_MSGSEND = YES;
				GCC_C_LANGUAGE_STANDARD = gnu11;
				GCC_NO_COMMON_BLOCKS = YES;
				GCC_WARN_64_TO_32_BIT_CONVERSION = YES;
				GCC_WARN_ABOUT_RETURN_TYPE = YES_ERROR;
				GCC_WARN_UNDECLARED_SELECTOR = YES;
				GCC_WARN_UNINITIALIZED_AUTOS = YES_AGGRESSIVE;
				GCC_WARN_UNUSED_FUNCTION = YES;
				GCC_WARN_UNUSED_VARIABLE = YES;
				IPHONEOS_DEPLOYMENT_TARGET = 11.4;
				MTL_ENABLE_DEBUG_INFO = NO;
				SDKROOT = iphoneos;
				SWIFT_COMPILATION_MODE = wholemodule;
				SWIFT_OPTIMIZATION_LEVEL = "-O";
				VALIDATE_PRODUCT = YES;
			};
			name = Release;
		};
		F542CE48213285DE00D86869 /* Debug */ = {
			isa = XCBuildConfiguration;
			buildSettings = {
				ASSETCATALOG_COMPILER_APPICON_NAME = AppIcon;
				CODE_SIGN_STYLE = Automatic;
				INFOPLIST_FILE = "Triangle WebView/Info.plist";
				LD_RUNPATH_SEARCH_PATHS = (
					"$(inherited)",
					"@executable_path/Frameworks",
				);
				PRODUCT_BUNDLE_IDENTIFIER = "com.triangle.mx.Triangle-WebView";
				PRODUCT_NAME = "$(TARGET_NAME)";
				SWIFT_VERSION = 4.0;
				TARGETED_DEVICE_FAMILY = "1,2";
			};
			name = Debug;
		};
		F542CE49213285DE00D86869 /* Release */ = {
			isa = XCBuildConfiguration;
			buildSettings = {
				ASSETCATALOG_COMPILER_APPICON_NAME = AppIcon;
				CODE_SIGN_STYLE = Automatic;
				INFOPLIST_FILE = "Triangle WebView/Info.plist";
				LD_RUNPATH_SEARCH_PATHS = (
					"$(inherited)",
					"@executable_path/Frameworks",
				);
				PRODUCT_BUNDLE_IDENTIFIER = "com.triangle.mx.Triangle-WebView";
				PRODUCT_NAME = "$(TARGET_NAME)";
				SWIFT_VERSION = 4.0;
				TARGETED_DEVICE_FAMILY = "1,2";
			};
			name = Release;
		};
		F542CE4B213285DE00D86869 /* Debug */ = {
			isa = XCBuildConfiguration;
			buildSettings = {
				ALWAYS_EMBED_SWIFT_STANDARD_LIBRARIES = YES;
				BUNDLE_LOADER = "$(TEST_HOST)";
				CODE_SIGN_STYLE = Automatic;
				INFOPLIST_FILE = "Triangle WebViewTests/Info.plist";
				LD_RUNPATH_SEARCH_PATHS = (
					"$(inherited)",
					"@executable_path/Frameworks",
					"@loader_path/Frameworks",
				);
				PRODUCT_BUNDLE_IDENTIFIER = "com.triangle.mx.Triangle-WebViewTests";
				PRODUCT_NAME = "$(TARGET_NAME)";
				SWIFT_VERSION = 4.0;
				TARGETED_DEVICE_FAMILY = "1,2";
				TEST_HOST = "$(BUILT_PRODUCTS_DIR)/Triangle WebView.app/Triangle WebView";
			};
			name = Debug;
		};
		F542CE4C213285DE00D86869 /* Release */ = {
			isa = XCBuildConfiguration;
			buildSettings = {
				ALWAYS_EMBED_SWIFT_STANDARD_LIBRARIES = YES;
				BUNDLE_LOADER = "$(TEST_HOST)";
				CODE_SIGN_STYLE = Automatic;
				INFOPLIST_FILE = "Triangle WebViewTests/Info.plist";
				LD_RUNPATH_SEARCH_PATHS = (
					"$(inherited)",
					"@executable_path/Frameworks",
					"@loader_path/Frameworks",
				);
				PRODUCT_BUNDLE_IDENTIFIER = "com.triangle.mx.Triangle-WebViewTests";
				PRODUCT_NAME = "$(TARGET_NAME)";
				SWIFT_VERSION = 4.0;
				TARGETED_DEVICE_FAMILY = "1,2";
				TEST_HOST = "$(BUILT_PRODUCTS_DIR)/Triangle WebView.app/Triangle WebView";
			};
			name = Release;
		};
		F542CE4E213285DE00D86869 /* Debug */ = {
			isa = XCBuildConfiguration;
			buildSettings = {
				ALWAYS_EMBED_SWIFT_STANDARD_LIBRARIES = YES;
				CODE_SIGN_STYLE = Automatic;
				INFOPLIST_FILE = "Triangle WebViewUITests/Info.plist";
				LD_RUNPATH_SEARCH_PATHS = (
					"$(inherited)",
					"@executable_path/Frameworks",
					"@loader_path/Frameworks",
				);
				PRODUCT_BUNDLE_IDENTIFIER = "com.triangle.mx.Triangle-WebViewUITests";
				PRODUCT_NAME = "$(TARGET_NAME)";
				SWIFT_VERSION = 4.0;
				TARGETED_DEVICE_FAMILY = "1,2";
				TEST_TARGET_NAME = "Triangle WebView";
			};
			name = Debug;
		};
		F542CE4F213285DE00D86869 /* Release */ = {
			isa = XCBuildConfiguration;
			buildSettings = {
				ALWAYS_EMBED_SWIFT_STANDARD_LIBRARIES = YES;
				CODE_SIGN_STYLE = Automatic;
				INFOPLIST_FILE = "Triangle WebViewUITests/Info.plist";
				LD_RUNPATH_SEARCH_PATHS = (
					"$(inherited)",
					"@executable_path/Frameworks",
					"@loader_path/Frameworks",
				);
				PRODUCT_BUNDLE_IDENTIFIER = "com.triangle.mx.Triangle-WebViewUITests";
				PRODUCT_NAME = "$(TARGET_NAME)";
				SWIFT_VERSION = 4.0;
				TARGETED_DEVICE_FAMILY = "1,2";
				TEST_TARGET_NAME = "Triangle WebView";
			};
			name = Release;
		};
/* End XCBuildConfiguration section */

/* Begin XCConfigurationList section */
		F542CE1A213285DD00D86869 /* Build configuration list for PBXProject "Triangle WebView" */ = {
			isa = XCConfigurationList;
			buildConfigurations = (
				F542CE45213285DE00D86869 /* Debug */,
				F542CE46213285DE00D86869 /* Release */,
			);
			defaultConfigurationIsVisible = 0;
			defaultConfigurationName = Release;
		};
		F542CE47213285DE00D86869 /* Build configuration list for PBXNativeTarget "Triangle WebView" */ = {
			isa = XCConfigurationList;
			buildConfigurations = (
				F542CE48213285DE00D86869 /* Debug */,
				F542CE49213285DE00D86869 /* Release */,
			);
			defaultConfigurationIsVisible = 0;
			defaultConfigurationName = Release;
		};
		F542CE4A213285DE00D86869 /* Build configuration list for PBXNativeTarget "Triangle WebViewTests" */ = {
			isa = XCConfigurationList;
			buildConfigurations = (
				F542CE4B213285DE00D86869 /* Debug */,
				F542CE4C213285DE00D86869 /* Release */,
			);
			defaultConfigurationIsVisible = 0;
			defaultConfigurationName = Release;
		};
		F542CE4D213285DE00D86869 /* Build configuration list for PBXNativeTarget "Triangle WebViewUITests" */ = {
			isa = XCConfigurationList;
			buildConfigurations = (
				F542CE4E213285DE00D86869 /* Debug */,
				F542CE4F213285DE00D86869 /* Release */,
			);
			defaultConfigurationIsVisible = 0;
			defaultConfigurationName = Release;
		};
/* End XCConfigurationList section */
	};
	rootObject = F542CE17213285DD00D86869 /* Project object */;
}
